// !$*UTF8*$!
{
	archiveVersion = 1;
	classes = {
	};
	objectVersion = 50;
	objects = {

/* Begin PBXBuildFile section */
		15D7B438331A645D6A55A40D /* Pods_BITTests.framework in Frameworks */ = {isa = PBXBuildFile; fileRef = 1FE55FC1CA3EAF7B9BFC3FA9 /* Pods_BITTests.framework */; };
		4005215C237175D8005E994B /* Podfile in Resources */ = {isa = PBXBuildFile; fileRef = 4005215B237175D8005E994B /* Podfile */; };
		4005215E23720256005E994B /* TableViewController.swift in Sources */ = {isa = PBXBuildFile; fileRef = 4005215D23720256005E994B /* TableViewController.swift */; };
		400521642372D278005E994B /* GitResponse.swift in Sources */ = {isa = PBXBuildFile; fileRef = 400521632372D278005E994B /* GitResponse.swift */; };
		400521662372E188005E994B /* Net.swift in Sources */ = {isa = PBXBuildFile; fileRef = 400521652372E188005E994B /* Net.swift */; };
		4005216B2372FF8C005E994B /* DataFetch.swift in Sources */ = {isa = PBXBuildFile; fileRef = 4005216A2372FF8C005E994B /* DataFetch.swift */; };
		4005217123732BD7005E994B /* RepoTableViewCell.swift in Sources */ = {isa = PBXBuildFile; fileRef = 4005217023732BD7005E994B /* RepoTableViewCell.swift */; };
		4005217923735A8F005E994B /* MapViewController.m in Sources */ = {isa = PBXBuildFile; fileRef = 4005217823735A8F005E994B /* MapViewController.m */; };
		403A4CF7238435E8002646F0 /* LoadingViewCell.swift in Sources */ = {isa = PBXBuildFile; fileRef = 403A4CF6238435E8002646F0 /* LoadingViewCell.swift */; };
		40748D4C236EEBFD0095441A /* AppDelegate.swift in Sources */ = {isa = PBXBuildFile; fileRef = 40748D4B236EEBFD0095441A /* AppDelegate.swift */; };
		40748D51236EEBFD0095441A /* Main.storyboard in Resources */ = {isa = PBXBuildFile; fileRef = 40748D4F236EEBFD0095441A /* Main.storyboard */; };
		40748D53236EEBFF0095441A /* Assets.xcassets in Resources */ = {isa = PBXBuildFile; fileRef = 40748D52236EEBFF0095441A /* Assets.xcassets */; };
		40748D56236EEBFF0095441A /* LaunchScreen.storyboard in Resources */ = {isa = PBXBuildFile; fileRef = 40748D54236EEBFF0095441A /* LaunchScreen.storyboard */; };
		40748D61236EEBFF0095441A /* BITTests.swift in Sources */ = {isa = PBXBuildFile; fileRef = 40748D60236EEBFF0095441A /* BITTests.swift */; };
		40748D6C236EEBFF0095441A /* BITUITests.swift in Sources */ = {isa = PBXBuildFile; fileRef = 40748D6B236EEBFF0095441A /* BITUITests.swift */; };
		C0F16F8B24525B9F1979FD0A /* Pods_BITUITests.framework in Frameworks */ = {isa = PBXBuildFile; fileRef = B39635902026A91842573C95 /* Pods_BITUITests.framework */; };
		F74F3FCFBDA0DC11502570A1 /* Pods_BIT.framework in Frameworks */ = {isa = PBXBuildFile; fileRef = 9B821C0E187DECAC85C56F89 /* Pods_BIT.framework */; };
/* End PBXBuildFile section */

/* Begin PBXContainerItemProxy section */
		40748D5D236EEBFF0095441A /* PBXContainerItemProxy */ = {
			isa = PBXContainerItemProxy;
			containerPortal = 40748D40236EEBFD0095441A /* Project object */;
			proxyType = 1;
			remoteGlobalIDString = 40748D47236EEBFD0095441A;
			remoteInfo = BIT;
		};
		40748D68236EEBFF0095441A /* PBXContainerItemProxy */ = {
			isa = PBXContainerItemProxy;
			containerPortal = 40748D40236EEBFD0095441A /* Project object */;
			proxyType = 1;
			remoteGlobalIDString = 40748D47236EEBFD0095441A;
			remoteInfo = BIT;
		};
/* End PBXContainerItemProxy section */

/* Begin PBXFileReference section */
		1FE55FC1CA3EAF7B9BFC3FA9 /* Pods_BITTests.framework */ = {isa = PBXFileReference; explicitFileType = wrapper.framework; includeInIndex = 0; path = Pods_BITTests.framework; sourceTree = BUILT_PRODUCTS_DIR; };
		2DCC0088F7C8B48F2BC42ECB /* Pods-BITTests.debug.xcconfig */ = {isa = PBXFileReference; includeInIndex = 1; lastKnownFileType = text.xcconfig; name = "Pods-BITTests.debug.xcconfig"; path = "Pods/Target Support Files/Pods-BITTests/Pods-BITTests.debug.xcconfig"; sourceTree = "<group>"; };
		4005215B237175D8005E994B /* Podfile */ = {isa = PBXFileReference; fileEncoding = 4; lastKnownFileType = text; path = Podfile; sourceTree = "<group>"; xcLanguageSpecificationIdentifier = xcode.lang.ruby; };
		4005215D23720256005E994B /* TableViewController.swift */ = {isa = PBXFileReference; lastKnownFileType = sourcecode.swift; path = TableViewController.swift; sourceTree = "<group>"; };
		400521632372D278005E994B /* GitResponse.swift */ = {isa = PBXFileReference; lastKnownFileType = sourcecode.swift; path = GitResponse.swift; sourceTree = "<group>"; };
		400521652372E188005E994B /* Net.swift */ = {isa = PBXFileReference; lastKnownFileType = sourcecode.swift; path = Net.swift; sourceTree = "<group>"; };
		4005216A2372FF8C005E994B /* DataFetch.swift */ = {isa = PBXFileReference; lastKnownFileType = sourcecode.swift; path = DataFetch.swift; sourceTree = "<group>"; };
		4005217023732BD7005E994B /* RepoTableViewCell.swift */ = {isa = PBXFileReference; lastKnownFileType = sourcecode.swift; path = RepoTableViewCell.swift; sourceTree = "<group>"; };
		4005217323735A34005E994B /* BIT-Bridging-Header.h */ = {isa = PBXFileReference; lastKnownFileType = sourcecode.c.h; path = "BIT-Bridging-Header.h"; sourceTree = "<group>"; };
		4005217723735A8F005E994B /* MapViewController.h */ = {isa = PBXFileReference; lastKnownFileType = sourcecode.c.h; path = MapViewController.h; sourceTree = "<group>"; };
		4005217823735A8F005E994B /* MapViewController.m */ = {isa = PBXFileReference; lastKnownFileType = sourcecode.c.objc; path = MapViewController.m; sourceTree = "<group>"; };
		403A4CF6238435E8002646F0 /* LoadingViewCell.swift */ = {isa = PBXFileReference; lastKnownFileType = sourcecode.swift; path = LoadingViewCell.swift; sourceTree = "<group>"; };
		40748D48236EEBFD0095441A /* BIT.app */ = {isa = PBXFileReference; explicitFileType = wrapper.application; includeInIndex = 0; path = BIT.app; sourceTree = BUILT_PRODUCTS_DIR; };
		40748D4B236EEBFD0095441A /* AppDelegate.swift */ = {isa = PBXFileReference; lastKnownFileType = sourcecode.swift; path = AppDelegate.swift; sourceTree = "<group>"; };
		40748D50236EEBFD0095441A /* Base */ = {isa = PBXFileReference; lastKnownFileType = file.storyboard; name = Base; path = Base.lproj/Main.storyboard; sourceTree = "<group>"; };
		40748D52236EEBFF0095441A /* Assets.xcassets */ = {isa = PBXFileReference; lastKnownFileType = folder.assetcatalog; path = Assets.xcassets; sourceTree = "<group>"; };
		40748D55236EEBFF0095441A /* Base */ = {isa = PBXFileReference; lastKnownFileType = file.storyboard; name = Base; path = Base.lproj/LaunchScreen.storyboard; sourceTree = "<group>"; };
		40748D57236EEBFF0095441A /* Info.plist */ = {isa = PBXFileReference; lastKnownFileType = text.plist.xml; path = Info.plist; sourceTree = "<group>"; };
		40748D5C236EEBFF0095441A /* BITTests.xctest */ = {isa = PBXFileReference; explicitFileType = wrapper.cfbundle; includeInIndex = 0; path = BITTests.xctest; sourceTree = BUILT_PRODUCTS_DIR; };
		40748D60236EEBFF0095441A /* BITTests.swift */ = {isa = PBXFileReference; lastKnownFileType = sourcecode.swift; path = BITTests.swift; sourceTree = "<group>"; };
		40748D62236EEBFF0095441A /* Info.plist */ = {isa = PBXFileReference; lastKnownFileType = text.plist.xml; path = Info.plist; sourceTree = "<group>"; };
		40748D67236EEBFF0095441A /* BITUITests.xctest */ = {isa = PBXFileReference; explicitFileType = wrapper.cfbundle; includeInIndex = 0; path = BITUITests.xctest; sourceTree = BUILT_PRODUCTS_DIR; };
		40748D6B236EEBFF0095441A /* BITUITests.swift */ = {isa = PBXFileReference; lastKnownFileType = sourcecode.swift; path = BITUITests.swift; sourceTree = "<group>"; };
		40748D6D236EEBFF0095441A /* Info.plist */ = {isa = PBXFileReference; lastKnownFileType = text.plist.xml; path = Info.plist; sourceTree = "<group>"; };
		8DFDC2C562B0538407C77B54 /* Pods-BITUITests.release.xcconfig */ = {isa = PBXFileReference; includeInIndex = 1; lastKnownFileType = text.xcconfig; name = "Pods-BITUITests.release.xcconfig"; path = "Pods/Target Support Files/Pods-BITUITests/Pods-BITUITests.release.xcconfig"; sourceTree = "<group>"; };
		960BED7290D56318CFE531AD /* Pods-BITUITests.debug.xcconfig */ = {isa = PBXFileReference; includeInIndex = 1; lastKnownFileType = text.xcconfig; name = "Pods-BITUITests.debug.xcconfig"; path = "Pods/Target Support Files/Pods-BITUITests/Pods-BITUITests.debug.xcconfig"; sourceTree = "<group>"; };
		9B821C0E187DECAC85C56F89 /* Pods_BIT.framework */ = {isa = PBXFileReference; explicitFileType = wrapper.framework; includeInIndex = 0; path = Pods_BIT.framework; sourceTree = BUILT_PRODUCTS_DIR; };
		A6AAB7BF3F43C986DC3CDB42 /* Pods-BIT.debug.xcconfig */ = {isa = PBXFileReference; includeInIndex = 1; lastKnownFileType = text.xcconfig; name = "Pods-BIT.debug.xcconfig"; path = "Pods/Target Support Files/Pods-BIT/Pods-BIT.debug.xcconfig"; sourceTree = "<group>"; };
		AA437A455A92C567F5A43579 /* Pods-BIT.release.xcconfig */ = {isa = PBXFileReference; includeInIndex = 1; lastKnownFileType = text.xcconfig; name = "Pods-BIT.release.xcconfig"; path = "Pods/Target Support Files/Pods-BIT/Pods-BIT.release.xcconfig"; sourceTree = "<group>"; };
		B39635902026A91842573C95 /* Pods_BITUITests.framework */ = {isa = PBXFileReference; explicitFileType = wrapper.framework; includeInIndex = 0; path = Pods_BITUITests.framework; sourceTree = BUILT_PRODUCTS_DIR; };
		C8BF09DCE959CDA2EA31627D /* Pods-BITTests.release.xcconfig */ = {isa = PBXFileReference; includeInIndex = 1; lastKnownFileType = text.xcconfig; name = "Pods-BITTests.release.xcconfig"; path = "Pods/Target Support Files/Pods-BITTests/Pods-BITTests.release.xcconfig"; sourceTree = "<group>"; };
/* End PBXFileReference section */

/* Begin PBXFrameworksBuildPhase section */
		40748D45236EEBFD0095441A /* Frameworks */ = {
			isa = PBXFrameworksBuildPhase;
			buildActionMask = 2147483647;
			files = (
				F74F3FCFBDA0DC11502570A1 /* Pods_BIT.framework in Frameworks */,
			);
			runOnlyForDeploymentPostprocessing = 0;
		};
		40748D59236EEBFF0095441A /* Frameworks */ = {
			isa = PBXFrameworksBuildPhase;
			buildActionMask = 2147483647;
			files = (
				15D7B438331A645D6A55A40D /* Pods_BITTests.framework in Frameworks */,
			);
			runOnlyForDeploymentPostprocessing = 0;
		};
		40748D64236EEBFF0095441A /* Frameworks */ = {
			isa = PBXFrameworksBuildPhase;
			buildActionMask = 2147483647;
			files = (
				C0F16F8B24525B9F1979FD0A /* Pods_BITUITests.framework in Frameworks */,
			);
			runOnlyForDeploymentPostprocessing = 0;
		};
/* End PBXFrameworksBuildPhase section */

/* Begin PBXGroup section */
		35B31CC3DC52DEBA5C29D963 /* Frameworks */ = {
			isa = PBXGroup;
			children = (
				9B821C0E187DECAC85C56F89 /* Pods_BIT.framework */,
				1FE55FC1CA3EAF7B9BFC3FA9 /* Pods_BITTests.framework */,
				B39635902026A91842573C95 /* Pods_BITUITests.framework */,
			);
			name = Frameworks;
			sourceTree = "<group>";
		};
		400521682372E362005E994B /* Models */ = {
			isa = PBXGroup;
			children = (
				400521632372D278005E994B /* GitResponse.swift */,
			);
			path = Models;
			sourceTree = "<group>";
		};
		400521692372E380005E994B /* Network */ = {
			isa = PBXGroup;
			children = (
				400521652372E188005E994B /* Net.swift */,
				4005216A2372FF8C005E994B /* DataFetch.swift */,
			);
			path = Network;
			sourceTree = "<group>";
		};
		40052172237354E2005E994B /* VIews */ = {
			isa = PBXGroup;
			children = (
				403A4CF6238435E8002646F0 /* LoadingViewCell.swift */,
				4005217023732BD7005E994B /* RepoTableViewCell.swift */,
				4005215D23720256005E994B /* TableViewController.swift */,
				4005217723735A8F005E994B /* MapViewController.h */,
				4005217823735A8F005E994B /* MapViewController.m */,
			);
			path = VIews;
			sourceTree = "<group>";
		};
		40748D3F236EEBFD0095441A = {
			isa = PBXGroup;
			children = (
				4005215B237175D8005E994B /* Podfile */,
				40748D4A236EEBFD0095441A /* BIT */,
				40748D5F236EEBFF0095441A /* BITTests */,
				40748D6A236EEBFF0095441A /* BITUITests */,
				40748D49236EEBFD0095441A /* Products */,
				E21452152406A58C5D3A69DC /* Pods */,
				35B31CC3DC52DEBA5C29D963 /* Frameworks */,
			);
			sourceTree = "<group>";
		};
		40748D49236EEBFD0095441A /* Products */ = {
			isa = PBXGroup;
			children = (
				40748D48236EEBFD0095441A /* BIT.app */,
				40748D5C236EEBFF0095441A /* BITTests.xctest */,
				40748D67236EEBFF0095441A /* BITUITests.xctest */,
			);
			name = Products;
			sourceTree = "<group>";
		};
		40748D4A236EEBFD0095441A /* BIT */ = {
			isa = PBXGroup;
			children = (
				40748D4B236EEBFD0095441A /* AppDelegate.swift */,
				400521682372E362005E994B /* Models */,
				400521692372E380005E994B /* Network */,
				40052172237354E2005E994B /* VIews */,
				40748D4F236EEBFD0095441A /* Main.storyboard */,
				40748D52236EEBFF0095441A /* Assets.xcassets */,
				40748D54236EEBFF0095441A /* LaunchScreen.storyboard */,
				40748D57236EEBFF0095441A /* Info.plist */,
				4005217323735A34005E994B /* BIT-Bridging-Header.h */,
			);
			path = BIT;
			sourceTree = "<group>";
		};
		40748D5F236EEBFF0095441A /* BITTests */ = {
			isa = PBXGroup;
			children = (
				40748D60236EEBFF0095441A /* BITTests.swift */,
				40748D62236EEBFF0095441A /* Info.plist */,
			);
			path = BITTests;
			sourceTree = "<group>";
		};
		40748D6A236EEBFF0095441A /* BITUITests */ = {
			isa = PBXGroup;
			children = (
				40748D6B236EEBFF0095441A /* BITUITests.swift */,
				40748D6D236EEBFF0095441A /* Info.plist */,
			);
			path = BITUITests;
			sourceTree = "<group>";
		};
		E21452152406A58C5D3A69DC /* Pods */ = {
			isa = PBXGroup;
			children = (
				A6AAB7BF3F43C986DC3CDB42 /* Pods-BIT.debug.xcconfig */,
				AA437A455A92C567F5A43579 /* Pods-BIT.release.xcconfig */,
				2DCC0088F7C8B48F2BC42ECB /* Pods-BITTests.debug.xcconfig */,
				C8BF09DCE959CDA2EA31627D /* Pods-BITTests.release.xcconfig */,
				960BED7290D56318CFE531AD /* Pods-BITUITests.debug.xcconfig */,
				8DFDC2C562B0538407C77B54 /* Pods-BITUITests.release.xcconfig */,
			);
			name = Pods;
			sourceTree = "<group>";
		};
/* End PBXGroup section */

/* Begin PBXNativeTarget section */
		40748D47236EEBFD0095441A /* BIT */ = {
			isa = PBXNativeTarget;
			buildConfigurationList = 40748D70236EEBFF0095441A /* Build configuration list for PBXNativeTarget "BIT" */;
			buildPhases = (
				F01F5EE9F3AF32DFE33EE3BF /* [CP] Check Pods Manifest.lock */,
				40748D44236EEBFD0095441A /* Sources */,
				40748D45236EEBFD0095441A /* Frameworks */,
				40748D46236EEBFD0095441A /* Resources */,
				B28DBC19074355E97159B0AE /* [CP] Copy Pods Resources */,
			);
			buildRules = (
			);
			dependencies = (
			);
			name = BIT;
			productName = BIT;
			productReference = 40748D48236EEBFD0095441A /* BIT.app */;
			productType = "com.apple.product-type.application";
		};
		40748D5B236EEBFF0095441A /* BITTests */ = {
			isa = PBXNativeTarget;
			buildConfigurationList = 40748D73236EEBFF0095441A /* Build configuration list for PBXNativeTarget "BITTests" */;
			buildPhases = (
				81A1A4FF17DF2E1BC1D7C767 /* [CP] Check Pods Manifest.lock */,
				40748D58236EEBFF0095441A /* Sources */,
				40748D59236EEBFF0095441A /* Frameworks */,
				40748D5A236EEBFF0095441A /* Resources */,
				574CFE9A52FBA70D42FE32EC /* [CP] Copy Pods Resources */,
			);
			buildRules = (
			);
			dependencies = (
				40748D5E236EEBFF0095441A /* PBXTargetDependency */,
			);
			name = BITTests;
			productName = BITTests;
			productReference = 40748D5C236EEBFF0095441A /* BITTests.xctest */;
			productType = "com.apple.product-type.bundle.unit-test";
		};
		40748D66236EEBFF0095441A /* BITUITests */ = {
			isa = PBXNativeTarget;
			buildConfigurationList = 40748D76236EEBFF0095441A /* Build configuration list for PBXNativeTarget "BITUITests" */;
			buildPhases = (
				AD7A7204080074D7B1F0AF2C /* [CP] Check Pods Manifest.lock */,
				40748D63236EEBFF0095441A /* Sources */,
				40748D64236EEBFF0095441A /* Frameworks */,
				40748D65236EEBFF0095441A /* Resources */,
				4A761E8093FFE77315067DD9 /* [CP] Copy Pods Resources */,
			);
			buildRules = (
			);
			dependencies = (
				40748D69236EEBFF0095441A /* PBXTargetDependency */,
			);
			name = BITUITests;
			productName = BITUITests;
			productReference = 40748D67236EEBFF0095441A /* BITUITests.xctest */;
			productType = "com.apple.product-type.bundle.ui-testing";
		};
/* End PBXNativeTarget section */

/* Begin PBXProject section */
		40748D40236EEBFD0095441A /* Project object */ = {
			isa = PBXProject;
			attributes = {
				LastSwiftUpdateCheck = 1030;
				LastUpgradeCheck = 1030;
				ORGANIZATIONNAME = "Miska ";
				TargetAttributes = {
					40748D47236EEBFD0095441A = {
						CreatedOnToolsVersion = 10.3;
						LastSwiftMigration = 1030;
					};
					40748D5B236EEBFF0095441A = {
						CreatedOnToolsVersion = 10.3;
						TestTargetID = 40748D47236EEBFD0095441A;
					};
					40748D66236EEBFF0095441A = {
						CreatedOnToolsVersion = 10.3;
						TestTargetID = 40748D47236EEBFD0095441A;
					};
				};
			};
			buildConfigurationList = 40748D43236EEBFD0095441A /* Build configuration list for PBXProject "BIT" */;
			compatibilityVersion = "Xcode 9.3";
			developmentRegion = en;
			hasScannedForEncodings = 0;
			knownRegions = (
				en,
				Base,
			);
			mainGroup = 40748D3F236EEBFD0095441A;
			productRefGroup = 40748D49236EEBFD0095441A /* Products */;
			projectDirPath = "";
			projectRoot = "";
			targets = (
				40748D47236EEBFD0095441A /* BIT */,
				40748D5B236EEBFF0095441A /* BITTests */,
				40748D66236EEBFF0095441A /* BITUITests */,
			);
		};
/* End PBXProject section */

/* Begin PBXResourcesBuildPhase section */
		40748D46236EEBFD0095441A /* Resources */ = {
			isa = PBXResourcesBuildPhase;
			buildActionMask = 2147483647;
			files = (
				40748D56236EEBFF0095441A /* LaunchScreen.storyboard in Resources */,
				40748D53236EEBFF0095441A /* Assets.xcassets in Resources */,
				4005215C237175D8005E994B /* Podfile in Resources */,
				40748D51236EEBFD0095441A /* Main.storyboard in Resources */,
			);
			runOnlyForDeploymentPostprocessing = 0;
		};
		40748D5A236EEBFF0095441A /* Resources */ = {
			isa = PBXResourcesBuildPhase;
			buildActionMask = 2147483647;
			files = (
			);
			runOnlyForDeploymentPostprocessing = 0;
		};
		40748D65236EEBFF0095441A /* Resources */ = {
			isa = PBXResourcesBuildPhase;
			buildActionMask = 2147483647;
			files = (
			);
			runOnlyForDeploymentPostprocessing = 0;
		};
/* End PBXResourcesBuildPhase section */

/* Begin PBXShellScriptBuildPhase section */
		4A761E8093FFE77315067DD9 /* [CP] Copy Pods Resources */ = {
			isa = PBXShellScriptBuildPhase;
			buildActionMask = 2147483647;
			files = (
			);
			inputPaths = (
				"${SRCROOT}/Pods/Target Support Files/Pods-BITUITests/Pods-BITUITests-resources.sh",
				"${PODS_ROOT}/GoogleMaps/Maps/Frameworks/GoogleMaps.framework/Resources/GoogleMaps.bundle",
				"${PODS_ROOT}/GooglePlaces/Frameworks/GooglePlaces.framework/Resources/GooglePlaces.bundle",
			);
			name = "[CP] Copy Pods Resources";
			outputPaths = (
				"${TARGET_BUILD_DIR}/${UNLOCALIZED_RESOURCES_FOLDER_PATH}/GoogleMaps.bundle",
				"${TARGET_BUILD_DIR}/${UNLOCALIZED_RESOURCES_FOLDER_PATH}/GooglePlaces.bundle",
			);
			runOnlyForDeploymentPostprocessing = 0;
			shellPath = /bin/sh;
			shellScript = "\"${SRCROOT}/Pods/Target Support Files/Pods-BITUITests/Pods-BITUITests-resources.sh\"\n";
			showEnvVarsInLog = 0;
		};
		574CFE9A52FBA70D42FE32EC /* [CP] Copy Pods Resources */ = {
			isa = PBXShellScriptBuildPhase;
			buildActionMask = 2147483647;
			files = (
			);
			inputPaths = (
				"${SRCROOT}/Pods/Target Support Files/Pods-BITTests/Pods-BITTests-resources.sh",
				"${PODS_ROOT}/GoogleMaps/Maps/Frameworks/GoogleMaps.framework/Resources/GoogleMaps.bundle",
				"${PODS_ROOT}/GooglePlaces/Frameworks/GooglePlaces.framework/Resources/GooglePlaces.bundle",
			);
			name = "[CP] Copy Pods Resources";
			outputPaths = (
				"${TARGET_BUILD_DIR}/${UNLOCALIZED_RESOURCES_FOLDER_PATH}/GoogleMaps.bundle",
				"${TARGET_BUILD_DIR}/${UNLOCALIZED_RESOURCES_FOLDER_PATH}/GooglePlaces.bundle",
			);
			runOnlyForDeploymentPostprocessing = 0;
			shellPath = /bin/sh;
			shellScript = "\"${SRCROOT}/Pods/Target Support Files/Pods-BITTests/Pods-BITTests-resources.sh\"\n";
			showEnvVarsInLog = 0;
		};
		81A1A4FF17DF2E1BC1D7C767 /* [CP] Check Pods Manifest.lock */ = {
			isa = PBXShellScriptBuildPhase;
			buildActionMask = 2147483647;
			files = (
			);
			inputPaths = (
				"${PODS_PODFILE_DIR_PATH}/Podfile.lock",
				"${PODS_ROOT}/Manifest.lock",
			);
			name = "[CP] Check Pods Manifest.lock";
			outputPaths = (
				"$(DERIVED_FILE_DIR)/Pods-BITTests-checkManifestLockResult.txt",
			);
			runOnlyForDeploymentPostprocessing = 0;
			shellPath = /bin/sh;
			shellScript = "diff \"${PODS_PODFILE_DIR_PATH}/Podfile.lock\" \"${PODS_ROOT}/Manifest.lock\" > /dev/null\nif [ $? != 0 ] ; then\n    # print error to STDERR\n    echo \"error: The sandbox is not in sync with the Podfile.lock. Run 'pod install' or update your CocoaPods installation.\" >&2\n    exit 1\nfi\n# This output is used by Xcode 'outputs' to avoid re-running this script phase.\necho \"SUCCESS\" > \"${SCRIPT_OUTPUT_FILE_0}\"\n";
			showEnvVarsInLog = 0;
		};
		AD7A7204080074D7B1F0AF2C /* [CP] Check Pods Manifest.lock */ = {
			isa = PBXShellScriptBuildPhase;
			buildActionMask = 2147483647;
			files = (
			);
			inputPaths = (
				"${PODS_PODFILE_DIR_PATH}/Podfile.lock",
				"${PODS_ROOT}/Manifest.lock",
			);
			name = "[CP] Check Pods Manifest.lock";
			outputPaths = (
				"$(DERIVED_FILE_DIR)/Pods-BITUITests-checkManifestLockResult.txt",
			);
			runOnlyForDeploymentPostprocessing = 0;
			shellPath = /bin/sh;
			shellScript = "diff \"${PODS_PODFILE_DIR_PATH}/Podfile.lock\" \"${PODS_ROOT}/Manifest.lock\" > /dev/null\nif [ $? != 0 ] ; then\n    # print error to STDERR\n    echo \"error: The sandbox is not in sync with the Podfile.lock. Run 'pod install' or update your CocoaPods installation.\" >&2\n    exit 1\nfi\n# This output is used by Xcode 'outputs' to avoid re-running this script phase.\necho \"SUCCESS\" > \"${SCRIPT_OUTPUT_FILE_0}\"\n";
			showEnvVarsInLog = 0;
		};
		B28DBC19074355E97159B0AE /* [CP] Copy Pods Resources */ = {
			isa = PBXShellScriptBuildPhase;
			buildActionMask = 2147483647;
			files = (
			);
			inputPaths = (
				"${SRCROOT}/Pods/Target Support Files/Pods-BIT/Pods-BIT-resources.sh",
				"${PODS_ROOT}/GoogleMaps/Maps/Frameworks/GoogleMaps.framework/Resources/GoogleMaps.bundle",
				"${PODS_ROOT}/GooglePlaces/Frameworks/GooglePlaces.framework/Resources/GooglePlaces.bundle",
			);
			name = "[CP] Copy Pods Resources";
			outputPaths = (
				"${TARGET_BUILD_DIR}/${UNLOCALIZED_RESOURCES_FOLDER_PATH}/GoogleMaps.bundle",
				"${TARGET_BUILD_DIR}/${UNLOCALIZED_RESOURCES_FOLDER_PATH}/GooglePlaces.bundle",
			);
			runOnlyForDeploymentPostprocessing = 0;
			shellPath = /bin/sh;
			shellScript = "\"${SRCROOT}/Pods/Target Support Files/Pods-BIT/Pods-BIT-resources.sh\"\n";
			showEnvVarsInLog = 0;
		};
		F01F5EE9F3AF32DFE33EE3BF /* [CP] Check Pods Manifest.lock */ = {
			isa = PBXShellScriptBuildPhase;
			buildActionMask = 2147483647;
			files = (
			);
			inputPaths = (
				"${PODS_PODFILE_DIR_PATH}/Podfile.lock",
				"${PODS_ROOT}/Manifest.lock",
			);
			name = "[CP] Check Pods Manifest.lock";
			outputPaths = (
				"$(DERIVED_FILE_DIR)/Pods-BIT-checkManifestLockResult.txt",
			);
			runOnlyForDeploymentPostprocessing = 0;
			shellPath = /bin/sh;
			shellScript = "diff \"${PODS_PODFILE_DIR_PATH}/Podfile.lock\" \"${PODS_ROOT}/Manifest.lock\" > /dev/null\nif [ $? != 0 ] ; then\n    # print error to STDERR\n    echo \"error: The sandbox is not in sync with the Podfile.lock. Run 'pod install' or update your CocoaPods installation.\" >&2\n    exit 1\nfi\n# This output is used by Xcode 'outputs' to avoid re-running this script phase.\necho \"SUCCESS\" > \"${SCRIPT_OUTPUT_FILE_0}\"\n";
			showEnvVarsInLog = 0;
		};
/* End PBXShellScriptBuildPhase section */

/* Begin PBXSourcesBuildPhase section */
		40748D44236EEBFD0095441A /* Sources */ = {
			isa = PBXSourcesBuildPhase;
			buildActionMask = 2147483647;
			files = (
				400521642372D278005E994B /* GitResponse.swift in Sources */,
				403A4CF7238435E8002646F0 /* LoadingViewCell.swift in Sources */,
				4005216B2372FF8C005E994B /* DataFetch.swift in Sources */,
				40748D4C236EEBFD0095441A /* AppDelegate.swift in Sources */,
				4005215E23720256005E994B /* TableViewController.swift in Sources */,
				400521662372E188005E994B /* Net.swift in Sources */,
				4005217123732BD7005E994B /* RepoTableViewCell.swift in Sources */,
				4005217923735A8F005E994B /* MapViewController.m in Sources */,
			);
			runOnlyForDeploymentPostprocessing = 0;
		};
		40748D58236EEBFF0095441A /* Sources */ = {
			isa = PBXSourcesBuildPhase;
			buildActionMask = 2147483647;
			files = (
				40748D61236EEBFF0095441A /* BITTests.swift in Sources */,
			);
			runOnlyForDeploymentPostprocessing = 0;
		};
		40748D63236EEBFF0095441A /* Sources */ = {
			isa = PBXSourcesBuildPhase;
			buildActionMask = 2147483647;
			files = (
				40748D6C236EEBFF0095441A /* BITUITests.swift in Sources */,
			);
			runOnlyForDeploymentPostprocessing = 0;
		};
/* End PBXSourcesBuildPhase section */

/* Begin PBXTargetDependency section */
		40748D5E236EEBFF0095441A /* PBXTargetDependency */ = {
			isa = PBXTargetDependency;
			target = 40748D47236EEBFD0095441A /* BIT */;
			targetProxy = 40748D5D236EEBFF0095441A /* PBXContainerItemProxy */;
		};
		40748D69236EEBFF0095441A /* PBXTargetDependency */ = {
			isa = PBXTargetDependency;
			target = 40748D47236EEBFD0095441A /* BIT */;
			targetProxy = 40748D68236EEBFF0095441A /* PBXContainerItemProxy */;
		};
/* End PBXTargetDependency section */

/* Begin PBXVariantGroup section */
		40748D4F236EEBFD0095441A /* Main.storyboard */ = {
			isa = PBXVariantGroup;
			children = (
				40748D50236EEBFD0095441A /* Base */,
			);
			name = Main.storyboard;
			sourceTree = "<group>";
		};
		40748D54236EEBFF0095441A /* LaunchScreen.storyboard */ = {
			isa = PBXVariantGroup;
			children = (
				40748D55236EEBFF0095441A /* Base */,
			);
			name = LaunchScreen.storyboard;
			sourceTree = "<group>";
		};
/* End PBXVariantGroup section */

/* Begin XCBuildConfiguration section */
		40748D6E236EEBFF0095441A /* Debug */ = {
			isa = XCBuildConfiguration;
			buildSettings = {
				ALWAYS_SEARCH_USER_PATHS = NO;
				CLANG_ANALYZER_NONNULL = YES;
				CLANG_ANALYZER_NUMBER_OBJECT_CONVERSION = YES_AGGRESSIVE;
				CLANG_CXX_LANGUAGE_STANDARD = "gnu++14";
				CLANG_CXX_LIBRARY = "libc++";
				CLANG_ENABLE_MODULES = YES;
				CLANG_ENABLE_OBJC_ARC = YES;
				CLANG_ENABLE_OBJC_WEAK = YES;
				CLANG_WARN_BLOCK_CAPTURE_AUTORELEASING = YES;
				CLANG_WARN_BOOL_CONVERSION = YES;
				CLANG_WARN_COMMA = YES;
				CLANG_WARN_CONSTANT_CONVERSION = YES;
				CLANG_WARN_DEPRECATED_OBJC_IMPLEMENTATIONS = YES;
				CLANG_WARN_DIRECT_OBJC_ISA_USAGE = YES_ERROR;
				CLANG_WARN_DOCUMENTATION_COMMENTS = YES;
				CLANG_WARN_EMPTY_BODY = YES;
				CLANG_WARN_ENUM_CONVERSION = YES;
				CLANG_WARN_INFINITE_RECURSION = YES;
				CLANG_WARN_INT_CONVERSION = YES;
				CLANG_WARN_NON_LITERAL_NULL_CONVERSION = YES;
				CLANG_WARN_OBJC_IMPLICIT_RETAIN_SELF = YES;
				CLANG_WARN_OBJC_LITERAL_CONVERSION = YES;
				CLANG_WARN_OBJC_ROOT_CLASS = YES_ERROR;
				CLANG_WARN_RANGE_LOOP_ANALYSIS = YES;
				CLANG_WARN_STRICT_PROTOTYPES = YES;
				CLANG_WARN_SUSPICIOUS_MOVE = YES;
				CLANG_WARN_UNGUARDED_AVAILABILITY = YES_AGGRESSIVE;
				CLANG_WARN_UNREACHABLE_CODE = YES;
				CLANG_WARN__DUPLICATE_METHOD_MATCH = YES;
				CODE_SIGN_IDENTITY = "iPhone Developer";
				COPY_PHASE_STRIP = NO;
				DEBUG_INFORMATION_FORMAT = dwarf;
				ENABLE_STRICT_OBJC_MSGSEND = YES;
				ENABLE_TESTABILITY = YES;
				GCC_C_LANGUAGE_STANDARD = gnu11;
				GCC_DYNAMIC_NO_PIC = NO;
				GCC_NO_COMMON_BLOCKS = YES;
				GCC_OPTIMIZATION_LEVEL = 0;
				GCC_PREPROCESSOR_DEFINITIONS = (
					"DEBUG=1",
					"$(inherited)",
				);
				GCC_WARN_64_TO_32_BIT_CONVERSION = YES;
				GCC_WARN_ABOUT_RETURN_TYPE = YES_ERROR;
				GCC_WARN_UNDECLARED_SELECTOR = YES;
				GCC_WARN_UNINITIALIZED_AUTOS = YES_AGGRESSIVE;
				GCC_WARN_UNUSED_FUNCTION = YES;
				GCC_WARN_UNUSED_VARIABLE = YES;
				IPHONEOS_DEPLOYMENT_TARGET = 12.4;
				MTL_ENABLE_DEBUG_INFO = INCLUDE_SOURCE;
				MTL_FAST_MATH = YES;
				ONLY_ACTIVE_ARCH = YES;
				SDKROOT = iphoneos;
				SWIFT_ACTIVE_COMPILATION_CONDITIONS = DEBUG;
				SWIFT_OPTIMIZATION_LEVEL = "-Onone";
			};
			name = Debug;
		};
		40748D6F236EEBFF0095441A /* Release */ = {
			isa = XCBuildConfiguration;
			buildSettings = {
				ALWAYS_SEARCH_USER_PATHS = NO;
				CLANG_ANALYZER_NONNULL = YES;
				CLANG_ANALYZER_NUMBER_OBJECT_CONVERSION = YES_AGGRESSIVE;
				CLANG_CXX_LANGUAGE_STANDARD = "gnu++14";
				CLANG_CXX_LIBRARY = "libc++";
				CLANG_ENABLE_MODULES = YES;
				CLANG_ENABLE_OBJC_ARC = YES;
				CLANG_ENABLE_OBJC_WEAK = YES;
				CLANG_WARN_BLOCK_CAPTURE_AUTORELEASING = YES;
				CLANG_WARN_BOOL_CONVERSION = YES;
				CLANG_WARN_COMMA = YES;
				CLANG_WARN_CONSTANT_CONVERSION = YES;
				CLANG_WARN_DEPRECATED_OBJC_IMPLEMENTATIONS = YES;
				CLANG_WARN_DIRECT_OBJC_ISA_USAGE = YES_ERROR;
				CLANG_WARN_DOCUMENTATION_COMMENTS = YES;
				CLANG_WARN_EMPTY_BODY = YES;
				CLANG_WARN_ENUM_CONVERSION = YES;
				CLANG_WARN_INFINITE_RECURSION = YES;
				CLANG_WARN_INT_CONVERSION = YES;
				CLANG_WARN_NON_LITERAL_NULL_CONVERSION = YES;
				CLANG_WARN_OBJC_IMPLICIT_RETAIN_SELF = YES;
				CLANG_WARN_OBJC_LITERAL_CONVERSION = YES;
				CLANG_WARN_OBJC_ROOT_CLASS = YES_ERROR;
				CLANG_WARN_RANGE_LOOP_ANALYSIS = YES;
				CLANG_WARN_STRICT_PROTOTYPES = YES;
				CLANG_WARN_SUSPICIOUS_MOVE = YES;
				CLANG_WARN_UNGUARDED_AVAILABILITY = YES_AGGRESSIVE;
				CLANG_WARN_UNREACHABLE_CODE = YES;
				CLANG_WARN__DUPLICATE_METHOD_MATCH = YES;
				CODE_SIGN_IDENTITY = "iPhone Developer";
				COPY_PHASE_STRIP = NO;
				DEBUG_INFORMATION_FORMAT = "dwarf-with-dsym";
				ENABLE_NS_ASSERTIONS = NO;
				ENABLE_STRICT_OBJC_MSGSEND = YES;
				GCC_C_LANGUAGE_STANDARD = gnu11;
				GCC_NO_COMMON_BLOCKS = YES;
				GCC_WARN_64_TO_32_BIT_CONVERSION = YES;
				GCC_WARN_ABOUT_RETURN_TYPE = YES_ERROR;
				GCC_WARN_UNDECLARED_SELECTOR = YES;
				GCC_WARN_UNINITIALIZED_AUTOS = YES_AGGRESSIVE;
				GCC_WARN_UNUSED_FUNCTION = YES;
				GCC_WARN_UNUSED_VARIABLE = YES;
				IPHONEOS_DEPLOYMENT_TARGET = 12.4;
				MTL_ENABLE_DEBUG_INFO = NO;
				MTL_FAST_MATH = YES;
				SDKROOT = iphoneos;
				SWIFT_COMPILATION_MODE = wholemodule;
				SWIFT_OPTIMIZATION_LEVEL = "-O";
				VALIDATE_PRODUCT = YES;
			};
			name = Release;
		};
		40748D71236EEBFF0095441A /* Debug */ = {
			isa = XCBuildConfiguration;
			baseConfigurationReference = A6AAB7BF3F43C986DC3CDB42 /* Pods-BIT.debug.xcconfig */;
			buildSettings = {
				ASSETCATALOG_COMPILER_APPICON_NAME = AppIcon;
				CLANG_ENABLE_MODULES = YES;
				CODE_SIGN_STYLE = Automatic;
				DEVELOPMENT_TEAM = WX79G9TM27;
				INFOPLIST_FILE = BIT/Info.plist;
				IPHONEOS_DEPLOYMENT_TARGET = 11.0;
				LD_RUNPATH_SEARCH_PATHS = (
					"$(inherited)",
					"@executable_path/Frameworks",
				);
				PRODUCT_BUNDLE_IDENTIFIER = Ms.BIT;
				PRODUCT_NAME = "$(TARGET_NAME)";
				SWIFT_OBJC_BRIDGING_HEADER = "BIT/BIT-Bridging-Header.h";
				SWIFT_OPTIMIZATION_LEVEL = "-Onone";
				SWIFT_VERSION = 5.0;
				TARGETED_DEVICE_FAMILY = 1;
			};
			name = Debug;
		};
		40748D72236EEBFF0095441A /* Release */ = {
			isa = XCBuildConfiguration;
			baseConfigurationReference = AA437A455A92C567F5A43579 /* Pods-BIT.release.xcconfig */;
			buildSettings = {
				ASSETCATALOG_COMPILER_APPICON_NAME = AppIcon;
				CLANG_ENABLE_MODULES = YES;
				CODE_SIGN_STYLE = Automatic;
				DEVELOPMENT_TEAM = WX79G9TM27;
				INFOPLIST_FILE = BIT/Info.plist;
				IPHONEOS_DEPLOYMENT_TARGET = 11.0;
				LD_RUNPATH_SEARCH_PATHS = (
					"$(inherited)",
					"@executable_path/Frameworks",
				);
				PRODUCT_BUNDLE_IDENTIFIER = Ms.BIT;
				PRODUCT_NAME = "$(TARGET_NAME)";
				SWIFT_OBJC_BRIDGING_HEADER = "BIT/BIT-Bridging-Header.h";
				SWIFT_VERSION = 5.0;
				TARGETED_DEVICE_FAMILY = 1;
			};
			name = Release;
		};
		40748D74236EEBFF0095441A /* Debug */ = {
			isa = XCBuildConfiguration;
			baseConfigurationReference = 2DCC0088F7C8B48F2BC42ECB /* Pods-BITTests.debug.xcconfig */;
			buildSettings = {
				ALWAYS_EMBED_SWIFT_STANDARD_LIBRARIES = YES;
				BUNDLE_LOADER = "$(TEST_HOST)";
				CODE_SIGN_STYLE = Automatic;
				DEVELOPMENT_TEAM = WX79G9TM27;
				INFOPLIST_FILE = BITTests/Info.plist;
				LD_RUNPATH_SEARCH_PATHS = (
					"$(inherited)",
					"@executable_path/Frameworks",
					"@loader_path/Frameworks",
				);
				PRODUCT_BUNDLE_IDENTIFIER = Ms.BITTests;
				PRODUCT_NAME = "$(TARGET_NAME)";
				SWIFT_VERSION = 5.0;
				TARGETED_DEVICE_FAMILY = "1,2";
				TEST_HOST = "$(BUILT_PRODUCTS_DIR)/BIT.app/BIT";
			};
			name = Debug;
		};
		40748D75236EEBFF0095441A /* Release */ = {
			isa = XCBuildConfiguration;
			baseConfigurationReference = C8BF09DCE959CDA2EA31627D /* Pods-BITTests.release.xcconfig */;
			buildSettings = {
				ALWAYS_EMBED_SWIFT_STANDARD_LIBRARIES = YES;
				BUNDLE_LOADER = "$(TEST_HOST)";
				CODE_SIGN_STYLE = Automatic;
				DEVELOPMENT_TEAM = WX79G9TM27;
				INFOPLIST_FILE = BITTests/Info.plist;
				LD_RUNPATH_SEARCH_PATHS = (
					"$(inherited)",
					"@executable_path/Frameworks",
					"@loader_path/Frameworks",
				);
				PRODUCT_BUNDLE_IDENTIFIER = Ms.BITTests;
				PRODUCT_NAME = "$(TARGET_NAME)";
				SWIFT_VERSION = 5.0;
				TARGETED_DEVICE_FAMILY = "1,2";
				TEST_HOST = "$(BUILT_PRODUCTS_DIR)/BIT.app/BIT";
			};
			name = Release;
		};
		40748D77236EEBFF0095441A /* Debug */ = {
			isa = XCBuildConfiguration;
			baseConfigurationReference = 960BED7290D56318CFE531AD /* Pods-BITUITests.debug.xcconfig */;
			buildSettings = {
				ALWAYS_EMBED_SWIFT_STANDARD_LIBRARIES = YES;
				CODE_SIGN_STYLE = Automatic;
				DEVELOPMENT_TEAM = WX79G9TM27;
				INFOPLIST_FILE = BITUITests/Info.plist;
				LD_RUNPATH_SEARCH_PATHS = (
					"$(inherited)",
					"@executable_path/Frameworks",
					"@loader_path/Frameworks",
				);
				PRODUCT_BUNDLE_IDENTIFIER = Ms.BITUITests;
				PRODUCT_NAME = "$(TARGET_NAME)";
				SWIFT_VERSION = 5.0;
				TARGETED_DEVICE_FAMILY = "1,2";
				TEST_TARGET_NAME = BIT;
			};
			name = Debug;
		};
		40748D78236EEBFF0095441A /* Release */ = {
			isa = XCBuildConfiguration;
			baseConfigurationReference = 8DFDC2C562B0538407C77B54 /* Pods-BITUITests.release.xcconfig */;
			buildSettings = {
				ALWAYS_EMBED_SWIFT_STANDARD_LIBRARIES = YES;
				CODE_SIGN_STYLE = Automatic;
				DEVELOPMENT_TEAM = WX79G9TM27;
				INFOPLIST_FILE = BITUITests/Info.plist;
				LD_RUNPATH_SEARCH_PATHS = (
					"$(inherited)",
					"@executable_path/Frameworks",
					"@loader_path/Frameworks",
				);
				PRODUCT_BUNDLE_IDENTIFIER = Ms.BITUITests;
				PRODUCT_NAME = "$(TARGET_NAME)";
				SWIFT_VERSION = 5.0;
				TARGETED_DEVICE_FAMILY = "1,2";
				TEST_TARGET_NAME = BIT;
			};
			name = Release;
		};
/* End XCBuildConfiguration section */

/* Begin XCConfigurationList section */
		40748D43236EEBFD0095441A /* Build configuration list for PBXProject "BIT" */ = {
			isa = XCConfigurationList;
			buildConfigurations = (
				40748D6E236EEBFF0095441A /* Debug */,
				40748D6F236EEBFF0095441A /* Release */,
			);
			defaultConfigurationIsVisible = 0;
			defaultConfigurationName = Release;
		};
		40748D70236EEBFF0095441A /* Build configuration list for PBXNativeTarget "BIT" */ = {
			isa = XCConfigurationList;
			buildConfigurations = (
				40748D71236EEBFF0095441A /* Debug */,
				40748D72236EEBFF0095441A /* Release */,
			);
			defaultConfigurationIsVisible = 0;
			defaultConfigurationName = Release;
		};
		40748D73236EEBFF0095441A /* Build configuration list for PBXNativeTarget "BITTests" */ = {
			isa = XCConfigurationList;
			buildConfigurations = (
				40748D74236EEBFF0095441A /* Debug */,
				40748D75236EEBFF0095441A /* Release */,
			);
			defaultConfigurationIsVisible = 0;
			defaultConfigurationName = Release;
		};
		40748D76236EEBFF0095441A /* Build configuration list for PBXNativeTarget "BITUITests" */ = {
			isa = XCConfigurationList;
			buildConfigurations = (
				40748D77236EEBFF0095441A /* Debug */,
				40748D78236EEBFF0095441A /* Release */,
			);
			defaultConfigurationIsVisible = 0;
			defaultConfigurationName = Release;
		};
/* End XCConfigurationList section */
	};
	rootObject = 40748D40236EEBFD0095441A /* Project object */;
}
